// !$*UTF8*$!
{
	archiveVersion = 1;
	classes = {
	};
	objectVersion = 56;
	objects = {

/* Begin PBXBuildFile section */
		9890FB71294E7C6F006A8FE3 /* Address_BookApp.swift in Sources */ = {isa = PBXBuildFile; fileRef = 9890FB70294E7C6F006A8FE3 /* Address_BookApp.swift */; };
		9890FB73294E7C6F006A8FE3 /* ContentView.swift in Sources */ = {isa = PBXBuildFile; fileRef = 9890FB72294E7C6F006A8FE3 /* ContentView.swift */; };
		9890FB75294E7C70006A8FE3 /* Assets.xcassets in Resources */ = {isa = PBXBuildFile; fileRef = 9890FB74294E7C70006A8FE3 /* Assets.xcassets */; };
		9890FB78294E7C70006A8FE3 /* Preview Assets.xcassets in Resources */ = {isa = PBXBuildFile; fileRef = 9890FB77294E7C70006A8FE3 /* Preview Assets.xcassets */; };
		9890FB80294E7C9E006A8FE3 /* AddressBook.xcdatamodeld in Sources */ = {isa = PBXBuildFile; fileRef = 9890FB7E294E7C9E006A8FE3 /* AddressBook.xcdatamodeld */; };
		9890FB82294E7DE8006A8FE3 /* HomeView.swift in Sources */ = {isa = PBXBuildFile; fileRef = 9890FB81294E7DE8006A8FE3 /* HomeView.swift */; };
		9890FB84294E7E2E006A8FE3 /* DataController.swift in Sources */ = {isa = PBXBuildFile; fileRef = 9890FB83294E7E2E006A8FE3 /* DataController.swift */; };
		9890FB86294E810E006A8FE3 /* DetailView.swift in Sources */ = {isa = PBXBuildFile; fileRef = 9890FB85294E810E006A8FE3 /* DetailView.swift */; };
		9890FB8D294E88F6006A8FE3 /* AddEntryView.swift in Sources */ = {isa = PBXBuildFile; fileRef = 9890FB8C294E88F6006A8FE3 /* AddEntryView.swift */; };
		9890FB98294E9EA7006A8FE3 /* Contacts+CoreDataClass.swift in Sources */ = {isa = PBXBuildFile; fileRef = 9890FB96294E9EA7006A8FE3 /* Contacts+CoreDataClass.swift */; };
		9890FB99294E9EA7006A8FE3 /* Contacts+CoreDataProperties.swift in Sources */ = {isa = PBXBuildFile; fileRef = 9890FB97294E9EA7006A8FE3 /* Contacts+CoreDataProperties.swift */; };
		9890FB9D294EA7BA006A8FE3 /* InfoView.swift in Sources */ = {isa = PBXBuildFile; fileRef = 9890FB9C294EA7BA006A8FE3 /* InfoView.swift */; };
/* End PBXBuildFile section */

/* Begin PBXFileReference section */
		9890FB6D294E7C6F006A8FE3 /* Address-Book.app */ = {isa = PBXFileReference; explicitFileType = wrapper.application; includeInIndex = 0; path = "Address-Book.app"; sourceTree = BUILT_PRODUCTS_DIR; };
		9890FB70294E7C6F006A8FE3 /* Address_BookApp.swift */ = {isa = PBXFileReference; lastKnownFileType = sourcecode.swift; path = Address_BookApp.swift; sourceTree = "<group>"; };
		9890FB72294E7C6F006A8FE3 /* ContentView.swift */ = {isa = PBXFileReference; lastKnownFileType = sourcecode.swift; path = ContentView.swift; sourceTree = "<group>"; };
		9890FB74294E7C70006A8FE3 /* Assets.xcassets */ = {isa = PBXFileReference; lastKnownFileType = folder.assetcatalog; path = Assets.xcassets; sourceTree = "<group>"; };
		9890FB77294E7C70006A8FE3 /* Preview Assets.xcassets */ = {isa = PBXFileReference; lastKnownFileType = folder.assetcatalog; path = "Preview Assets.xcassets"; sourceTree = "<group>"; };
		9890FB7F294E7C9E006A8FE3 /* AddressBook.xcdatamodel */ = {isa = PBXFileReference; lastKnownFileType = wrapper.xcdatamodel; path = AddressBook.xcdatamodel; sourceTree = "<group>"; };
		9890FB81294E7DE8006A8FE3 /* HomeView.swift */ = {isa = PBXFileReference; lastKnownFileType = sourcecode.swift; path = HomeView.swift; sourceTree = "<group>"; };
		9890FB83294E7E2E006A8FE3 /* DataController.swift */ = {isa = PBXFileReference; fileEncoding = 4; lastKnownFileType = sourcecode.swift; path = DataController.swift; sourceTree = "<group>"; };
		9890FB85294E810E006A8FE3 /* DetailView.swift */ = {isa = PBXFileReference; lastKnownFileType = sourcecode.swift; path = DetailView.swift; sourceTree = "<group>"; };
		9890FB8C294E88F6006A8FE3 /* AddEntryView.swift */ = {isa = PBXFileReference; lastKnownFileType = sourcecode.swift; path = AddEntryView.swift; sourceTree = "<group>"; };
		9890FB96294E9EA7006A8FE3 /* Contacts+CoreDataClass.swift */ = {isa = PBXFileReference; lastKnownFileType = sourcecode.swift; path = "Contacts+CoreDataClass.swift"; sourceTree = SOURCE_ROOT; };
		9890FB97294E9EA7006A8FE3 /* Contacts+CoreDataProperties.swift */ = {isa = PBXFileReference; lastKnownFileType = sourcecode.swift; path = "Contacts+CoreDataProperties.swift"; sourceTree = SOURCE_ROOT; };
		9890FB9C294EA7BA006A8FE3 /* InfoView.swift */ = {isa = PBXFileReference; lastKnownFileType = sourcecode.swift; path = InfoView.swift; sourceTree = "<group>"; };
/* End PBXFileReference section */

/* Begin PBXFrameworksBuildPhase section */
		9890FB6A294E7C6F006A8FE3 /* Frameworks */ = {
			isa = PBXFrameworksBuildPhase;
			buildActionMask = 2147483647;
			files = (
			);
			runOnlyForDeploymentPostprocessing = 0;
		};
/* End PBXFrameworksBuildPhase section */

/* Begin PBXGroup section */
		9890FB64294E7C6F006A8FE3 = {
			isa = PBXGroup;
			children = (
				9890FB6F294E7C6F006A8FE3 /* Address-Book */,
				9890FB6E294E7C6F006A8FE3 /* Products */,
			);
			sourceTree = "<group>";
		};
		9890FB6E294E7C6F006A8FE3 /* Products */ = {
			isa = PBXGroup;
			children = (
				9890FB6D294E7C6F006A8FE3 /* Address-Book.app */,
			);
			name = Products;
			sourceTree = "<group>";
		};
		9890FB6F294E7C6F006A8FE3 /* Address-Book */ = {
			isa = PBXGroup;
			children = (
				9890FB87294E8247006A8FE3 /* Model */,
				9890FB70294E7C6F006A8FE3 /* Address_BookApp.swift */,
				9890FB83294E7E2E006A8FE3 /* DataController.swift */,
				9890FB72294E7C6F006A8FE3 /* ContentView.swift */,
				9890FB81294E7DE8006A8FE3 /* HomeView.swift */,
				9890FB8C294E88F6006A8FE3 /* AddEntryView.swift */,
				9890FB85294E810E006A8FE3 /* DetailView.swift */,
				9890FB9C294EA7BA006A8FE3 /* InfoView.swift */,
				9890FB7E294E7C9E006A8FE3 /* AddressBook.xcdatamodeld */,
				9890FB74294E7C70006A8FE3 /* Assets.xcassets */,
				9890FB76294E7C70006A8FE3 /* Preview Content */,
			);
			path = "Address-Book";
			sourceTree = "<group>";
		};
		9890FB76294E7C70006A8FE3 /* Preview Content */ = {
			isa = PBXGroup;
			children = (
				9890FB77294E7C70006A8FE3 /* Preview Assets.xcassets */,
			);
			path = "Preview Content";
			sourceTree = "<group>";
		};
		9890FB87294E8247006A8FE3 /* Model */ = {
			isa = PBXGroup;
			children = (
				9890FB96294E9EA7006A8FE3 /* Contacts+CoreDataClass.swift */,
				9890FB97294E9EA7006A8FE3 /* Contacts+CoreDataProperties.swift */,
			);
			path = Model;
			sourceTree = "<group>";
		};
/* End PBXGroup section */

/* Begin PBXNativeTarget section */
		9890FB6C294E7C6F006A8FE3 /* Address-Book */ = {
			isa = PBXNativeTarget;
			buildConfigurationList = 9890FB7B294E7C71006A8FE3 /* Build configuration list for PBXNativeTarget "Address-Book" */;
			buildPhases = (
				9890FB69294E7C6F006A8FE3 /* Sources */,
				9890FB6A294E7C6F006A8FE3 /* Frameworks */,
				9890FB6B294E7C6F006A8FE3 /* Resources */,
			);
			buildRules = (
			);
			dependencies = (
			);
			name = "Address-Book";
			productName = "Address-Book";
			productReference = 9890FB6D294E7C6F006A8FE3 /* Address-Book.app */;
			productType = "com.apple.product-type.application";
		};
/* End PBXNativeTarget section */

/* Begin PBXProject section */
		9890FB65294E7C6F006A8FE3 /* Project object */ = {
			isa = PBXProject;
			attributes = {
				BuildIndependentTargetsInParallel = 1;
				LastSwiftUpdateCheck = 1420;
				LastUpgradeCheck = 1420;
				TargetAttributes = {
					9890FB6C294E7C6F006A8FE3 = {
						CreatedOnToolsVersion = 14.2;
					};
				};
			};
			buildConfigurationList = 9890FB68294E7C6F006A8FE3 /* Build configuration list for PBXProject "Address-Book" */;
			compatibilityVersion = "Xcode 14.0";
			developmentRegion = en;
			hasScannedForEncodings = 0;
			knownRegions = (
				en,
				Base,
			);
			mainGroup = 9890FB64294E7C6F006A8FE3;
			productRefGroup = 9890FB6E294E7C6F006A8FE3 /* Products */;
			projectDirPath = "";
			projectRoot = "";
			targets = (
				9890FB6C294E7C6F006A8FE3 /* Address-Book */,
			);
		};
/* End PBXProject section */

/* Begin PBXResourcesBuildPhase section */
		9890FB6B294E7C6F006A8FE3 /* Resources */ = {
			isa = PBXResourcesBuildPhase;
			buildActionMask = 2147483647;
			files = (
				9890FB78294E7C70006A8FE3 /* Preview Assets.xcassets in Resources */,
				9890FB75294E7C70006A8FE3 /* Assets.xcassets in Resources */,
			);
			runOnlyForDeploymentPostprocessing = 0;
		};
/* End PBXResourcesBuildPhase section */

/* Begin PBXSourcesBuildPhase section */
		9890FB69294E7C6F006A8FE3 /* Sources */ = {
			isa = PBXSourcesBuildPhase;
			buildActionMask = 2147483647;
			files = (
				9890FB84294E7E2E006A8FE3 /* DataController.swift in Sources */,
				9890FB9D294EA7BA006A8FE3 /* InfoView.swift in Sources */,
				9890FB86294E810E006A8FE3 /* DetailView.swift in Sources */,
				9890FB99294E9EA7006A8FE3 /* Contacts+CoreDataProperties.swift in Sources */,
				9890FB98294E9EA7006A8FE3 /* Contacts+CoreDataClass.swift in Sources */,
				9890FB80294E7C9E006A8FE3 /* AddressBook.xcdatamodeld in Sources */,
				9890FB82294E7DE8006A8FE3 /* HomeView.swift in Sources */,
				9890FB8D294E88F6006A8FE3 /* AddEntryView.swift in Sources */,
				9890FB73294E7C6F006A8FE3 /* ContentView.swift in Sources */,
				9890FB71294E7C6F006A8FE3 /* Address_BookApp.swift in Sources */,
			);
			runOnlyForDeploymentPostprocessing = 0;
		};
/* End PBXSourcesBuildPhase section */

/* Begin XCBuildConfiguration section */
		9890FB79294E7C70006A8FE3 /* Debug */ = {
			isa = XCBuildConfiguration;
			buildSettings = {
				ALWAYS_SEARCH_USER_PATHS = NO;
				CLANG_ANALYZER_NONNULL = YES;
				CLANG_ANALYZER_NUMBER_OBJECT_CONVERSION = YES_AGGRESSIVE;
				CLANG_CXX_LANGUAGE_STANDARD = "gnu++20";
				CLANG_ENABLE_MODULES = YES;
				CLANG_ENABLE_OBJC_ARC = YES;
				CLANG_ENABLE_OBJC_WEAK = YES;
				CLANG_WARN_BLOCK_CAPTURE_AUTORELEASING = YES;
				CLANG_WARN_BOOL_CONVERSION = YES;
				CLANG_WARN_COMMA = YES;
				CLANG_WARN_CONSTANT_CONVERSION = YES;
				CLANG_WARN_DEPRECATED_OBJC_IMPLEMENTATIONS = YES;
				CLANG_WARN_DIRECT_OBJC_ISA_USAGE = YES_ERROR;
				CLANG_WARN_DOCUMENTATION_COMMENTS = YES;
				CLANG_WARN_EMPTY_BODY = YES;
				CLANG_WARN_ENUM_CONVERSION = YES;
				CLANG_WARN_INFINITE_RECURSION = YES;
				CLANG_WARN_INT_CONVERSION = YES;
				CLANG_WARN_NON_LITERAL_NULL_CONVERSION = YES;
				CLANG_WARN_OBJC_IMPLICIT_RETAIN_SELF = YES;
				CLANG_WARN_OBJC_LITERAL_CONVERSION = YES;
				CLANG_WARN_OBJC_ROOT_CLASS = YES_ERROR;
				CLANG_WARN_QUOTED_INCLUDE_IN_FRAMEWORK_HEADER = YES;
				CLANG_WARN_RANGE_LOOP_ANALYSIS = YES;
				CLANG_WARN_STRICT_PROTOTYPES = YES;
				CLANG_WARN_SUSPICIOUS_MOVE = YES;
				CLANG_WARN_UNGUARDED_AVAILABILITY = YES_AGGRESSIVE;
				CLANG_WARN_UNREACHABLE_CODE = YES;
				CLANG_WARN__DUPLICATE_METHOD_MATCH = YES;
				COPY_PHASE_STRIP = NO;
				DEBUG_INFORMATION_FORMAT = dwarf;
				ENABLE_STRICT_OBJC_MSGSEND = YES;
				ENABLE_TESTABILITY = YES;
				GCC_C_LANGUAGE_STANDARD = gnu11;
				GCC_DYNAMIC_NO_PIC = NO;
				GCC_NO_COMMON_BLOCKS = YES;
				GCC_OPTIMIZATION_LEVEL = 0;
				GCC_PREPROCESSOR_DEFINITIONS = (
					"DEBUG=1",
					"$(inherited)",
				);
				GCC_WARN_64_TO_32_BIT_CONVERSION = YES;
				GCC_WARN_ABOUT_RETURN_TYPE = YES_ERROR;
				GCC_WARN_UNDECLARED_SELECTOR = YES;
				GCC_WARN_UNINITIALIZED_AUTOS = YES_AGGRESSIVE;
				GCC_WARN_UNUSED_FUNCTION = YES;
				GCC_WARN_UNUSED_VARIABLE = YES;
				IPHONEOS_DEPLOYMENT_TARGET = 16.2;
				MTL_ENABLE_DEBUG_INFO = INCLUDE_SOURCE;
				MTL_FAST_MATH = YES;
				ONLY_ACTIVE_ARCH = YES;
				SDKROOT = iphoneos;
				SWIFT_ACTIVE_COMPILATION_CONDITIONS = DEBUG;
				SWIFT_OPTIMIZATION_LEVEL = "-Onone";
			};
			name = Debug;
		};
		9890FB7A294E7C70006A8FE3 /* Release */ = {
			isa = XCBuildConfiguration;
			buildSettings = {
				ALWAYS_SEARCH_USER_PATHS = NO;
				CLANG_ANALYZER_NONNULL = YES;
				CLANG_ANALYZER_NUMBER_OBJECT_CONVERSION = YES_AGGRESSIVE;
				CLANG_CXX_LANGUAGE_STANDARD = "gnu++20";
				CLANG_ENABLE_MODULES = YES;
				CLANG_ENABLE_OBJC_ARC = YES;
				CLANG_ENABLE_OBJC_WEAK = YES;
				CLANG_WARN_BLOCK_CAPTURE_AUTORELEASING = YES;
				CLANG_WARN_BOOL_CONVERSION = YES;
				CLANG_WARN_COMMA = YES;
				CLANG_WARN_CONSTANT_CONVERSION = YES;
				CLANG_WARN_DEPRECATED_OBJC_IMPLEMENTATIONS = YES;
				CLANG_WARN_DIRECT_OBJC_ISA_USAGE = YES_ERROR;
				CLANG_WARN_DOCUMENTATION_COMMENTS = YES;
				CLANG_WARN_EMPTY_BODY = YES;
				CLANG_WARN_ENUM_CONVERSION = YES;
				CLANG_WARN_INFINITE_RECURSION = YES;
				CLANG_WARN_INT_CONVERSION = YES;
				CLANG_WARN_NON_LITERAL_NULL_CONVERSION = YES;
				CLANG_WARN_OBJC_IMPLICIT_RETAIN_SELF = YES;
				CLANG_WARN_OBJC_LITERAL_CONVERSION = YES;
				CLANG_WARN_OBJC_ROOT_CLASS = YES_ERROR;
				CLANG_WARN_QUOTED_INCLUDE_IN_FRAMEWORK_HEADER = YES;
				CLANG_WARN_RANGE_LOOP_ANALYSIS = YES;
				CLANG_WARN_STRICT_PROTOTYPES = YES;
				CLANG_WARN_SUSPICIOUS_MOVE = YES;
				CLANG_WARN_UNGUARDED_AVAILABILITY = YES_AGGRESSIVE;
				CLANG_WARN_UNREACHABLE_CODE = YES;
				CLANG_WARN__DUPLICATE_METHOD_MATCH = YES;
				COPY_PHASE_STRIP = NO;
				DEBUG_INFORMATION_FORMAT = "dwarf-with-dsym";
				ENABLE_NS_ASSERTIONS = NO;
				ENABLE_STRICT_OBJC_MSGSEND = YES;
				GCC_C_LANGUAGE_STANDARD = gnu11;
				GCC_NO_COMMON_BLOCKS = YES;
				GCC_WARN_64_TO_32_BIT_CONVERSION = YES;
				GCC_WARN_ABOUT_RETURN_TYPE = YES_ERROR;
				GCC_WARN_UNDECLARED_SELECTOR = YES;
				GCC_WARN_UNINITIALIZED_AUTOS = YES_AGGRESSIVE;
				GCC_WARN_UNUSED_FUNCTION = YES;
				GCC_WARN_UNUSED_VARIABLE = YES;
				IPHONEOS_DEPLOYMENT_TARGET = 16.2;
				MTL_ENABLE_DEBUG_INFO = NO;
				MTL_FAST_MATH = YES;
				SDKROOT = iphoneos;
				SWIFT_COMPILATION_MODE = wholemodule;
				SWIFT_OPTIMIZATION_LEVEL = "-O";
				VALIDATE_PRODUCT = YES;
			};
			name = Release;
		};
		9890FB7C294E7C71006A8FE3 /* Debug */ = {
			isa = XCBuildConfiguration;
			buildSettings = {
				ASSETCATALOG_COMPILER_APPICON_NAME = AppIcon;
				ASSETCATALOG_COMPILER_GLOBAL_ACCENT_COLOR_NAME = AccentColor;
				CODE_SIGN_STYLE = Automatic;
				CURRENT_PROJECT_VERSION = 1;
				DEVELOPMENT_ASSET_PATHS = "\"Address-Book/Preview Content\"";
				DEVELOPMENT_TEAM = 46ZCWG7KFN;
				ENABLE_PREVIEWS = YES;
				GENERATE_INFOPLIST_FILE = YES;
				INFOPLIST_KEY_UIApplicationSceneManifest_Generation = YES;
				INFOPLIST_KEY_UIApplicationSupportsIndirectInputEvents = YES;
				INFOPLIST_KEY_UILaunchScreen_Generation = YES;
				INFOPLIST_KEY_UISupportedInterfaceOrientations_iPad = "UIInterfaceOrientationPortrait UIInterfaceOrientationPortraitUpsideDown UIInterfaceOrientationLandscapeLeft UIInterfaceOrientationLandscapeRight";
				INFOPLIST_KEY_UISupportedInterfaceOrientations_iPhone = "UIInterfaceOrientationPortrait UIInterfaceOrientationLandscapeLeft UIInterfaceOrientationLandscapeRight";
				LD_RUNPATH_SEARCH_PATHS = (
					"$(inherited)",
					"@executable_path/Frameworks",
				);
				MARKETING_VERSION = 1.0;
				PRODUCT_BUNDLE_IDENTIFIER = "com.bouncy.Address-Book";
				PRODUCT_NAME = "$(TARGET_NAME)";
				SWIFT_EMIT_LOC_STRINGS = YES;
				SWIFT_VERSION = 5.0;
				TARGETED_DEVICE_FAMILY = "1,2";
			};
			name = Debug;
		};
		9890FB7D294E7C71006A8FE3 /* Release */ = {
			isa = XCBuildConfiguration;
			buildSettings = {
				ASSETCATALOG_COMPILER_APPICON_NAME = AppIcon;
				ASSETCATALOG_COMPILER_GLOBAL_ACCENT_COLOR_NAME = AccentColor;
				CODE_SIGN_STYLE = Automatic;
				CURRENT_PROJECT_VERSION = 1;
				DEVELOPMENT_ASSET_PATHS = "\"Address-Book/Preview Content\"";
				DEVELOPMENT_TEAM = 46ZCWG7KFN;
				ENABLE_PREVIEWS = YES;
				GENERATE_INFOPLIST_FILE = YES;
				INFOPLIST_KEY_UIApplicationSceneManifest_Generation = YES;
				INFOPLIST_KEY_UIApplicationSupportsIndirectInputEvents = YES;
				INFOPLIST_KEY_UILaunchScreen_Generation = YES;
				INFOPLIST_KEY_UISupportedInterfaceOrientations_iPad = "UIInterfaceOrientationPortrait UIInterfaceOrientationPortraitUpsideDown UIInterfaceOrientationLandscapeLeft UIInterfaceOrientationLandscapeRight";
				INFOPLIST_KEY_UISupportedInterfaceOrientations_iPhone = "UIInterfaceOrientationPortrait UIInterfaceOrientationLandscapeLeft UIInterfaceOrientationLandscapeRight";
				LD_RUNPATH_SEARCH_PATHS = (
					"$(inherited)",
					"@executable_path/Frameworks",
				);
				MARKETING_VERSION = 1.0;
				PRODUCT_BUNDLE_IDENTIFIER = "com.bouncy.Address-Book";
				PRODUCT_NAME = "$(TARGET_NAME)";
				SWIFT_EMIT_LOC_STRINGS = YES;
				SWIFT_VERSION = 5.0;
				TARGETED_DEVICE_FAMILY = "1,2";
			};
			name = Release;
		};
/* End XCBuildConfiguration section */

/* Begin XCConfigurationList section */
		9890FB68294E7C6F006A8FE3 /* Build configuration list for PBXProject "Address-Book" */ = {
			isa = XCConfigurationList;
			buildConfigurations = (
				9890FB79294E7C70006A8FE3 /* Debug */,
				9890FB7A294E7C70006A8FE3 /* Release */,
			);
			defaultConfigurationIsVisible = 0;
			defaultConfigurationName = Release;
		};
		9890FB7B294E7C71006A8FE3 /* Build configuration list for PBXNativeTarget "Address-Book" */ = {
			isa = XCConfigurationList;
			buildConfigurations = (
				9890FB7C294E7C71006A8FE3 /* Debug */,
				9890FB7D294E7C71006A8FE3 /* Release */,
			);
			defaultConfigurationIsVisible = 0;
			defaultConfigurationName = Release;
		};
/* End XCConfigurationList section */

/* Begin XCVersionGroup section */
		9890FB7E294E7C9E006A8FE3 /* AddressBook.xcdatamodeld */ = {
			isa = XCVersionGroup;
			children = (
				9890FB7F294E7C9E006A8FE3 /* AddressBook.xcdatamodel */,
			);
			currentVersion = 9890FB7F294E7C9E006A8FE3 /* AddressBook.xcdatamodel */;
			path = AddressBook.xcdatamodeld;
			sourceTree = "<group>";
			versionGroupType = wrapper.xcdatamodel;
		};
/* End XCVersionGroup section */
	};
	rootObject = 9890FB65294E7C6F006A8FE3 /* Project object */;
}
